PODS:
  - Flutter (1.0.0)
  - flutter_config (0.0.1):
    - Flutter

DEPENDENCIES:
  - Flutter (from `Flutter`)
  - flutter_config (from `.symlinks/plugins/flutter_config/ios`)

EXTERNAL SOURCES:
  Flutter:
    :path: Flutter
  flutter_config:
    :path: ".symlinks/plugins/flutter_config/ios"

SPEC CHECKSUMS:
  Flutter: cabc95a1d2626b1b06e7179b784ebcf0c0cde467
  flutter_config: a0cd4b5996f2a1683657d14777c8fa57e04a40ea

PODFILE CHECKSUM: a8db819455c8df70da894d661cd5d094bbfe71d9

COCOAPODS: 1.16.2
